
Microsoft Visual Studio Solution File, Format Version 12.00
# Visual Studio Version 16
VisualStudioVersion = 16.0.30611.23
MinimumVisualStudioVersion = 10.0.40219.1
Project("{FAE04EC0-301F-11D3-BF4B-00C04F79EFBC}") = "Projeto_MVC_5", "Projeto_MVC_5.csproj", "{C56F3A3B-5384-483A-AA88-04F8B695066D}"
EndProject
Global
	GlobalSection(SolutionConfigurationPlatforms) = preSolution
		Debug|Any CPU = Debug|Any CPU
		Release|Any CPU = Release|Any CPU
	EndGlobalSection
	GlobalSection(ProjectConfigurationPlatforms) = postSolution
		{C56F3A3B-5384-483A-AA88-04F8B695066D}.Debug|Any CPU.ActiveCfg = Debug|Any CPU
		{C56F3A3B-5384-483A-AA88-04F8B695066D}.Debug|Any CPU.Build.0 = Debug|Any CPU
		{C56F3A3B-5384-483A-AA88-04F8B695066D}.Release|Any CPU.ActiveCfg = Release|Any CPU
		{C56F3A3B-5384-483A-AA88-04F8B695066D}.Release|Any CPU.Build.0 = Release|Any CPU
	EndGlobalSection
	GlobalSection(SolutionProperties) = preSolution
		HideSolutionNode = FALSE
	EndGlobalSection
	GlobalSection(ExtensibilityGlobals) = postSolution
		SolutionGuid = {E7355A5A-D4B6-4041-94C4-F08158EBD5A6}
	EndGlobalSection
EndGlobal
